
Microsoft Visual Studio Solution File, Format Version 12.00
# Visual Studio Version 16
VisualStudioVersion = 16.0.31112.23
MinimumVisualStudioVersion = 10.0.40219.1
Project("{FAE04EC0-301F-11D3-BF4B-00C04F79EFBC}") = "APImod9kel6", "APImod9kel6.csproj", "{1E6C72C3-AE99-4F50-96A0-D752737AA1DA}"
EndProject
Global
	GlobalSection(SolutionConfigurationPlatforms) = preSolution
		Debug|Any CPU = Debug|Any CPU
		Release|Any CPU = Release|Any CPU
	EndGlobalSection
	GlobalSection(ProjectConfigurationPlatforms) = postSolution
		{1E6C72C3-AE99-4F50-96A0-D752737AA1DA}.Debug|Any CPU.ActiveCfg = Debug|Any CPU
		{1E6C72C3-AE99-4F50-96A0-D752737AA1DA}.Debug|Any CPU.Build.0 = Debug|Any CPU
		{1E6C72C3-AE99-4F50-96A0-D752737AA1DA}.Release|Any CPU.ActiveCfg = Release|Any CPU
		{1E6C72C3-AE99-4F50-96A0-D752737AA1DA}.Release|Any CPU.Build.0 = Release|Any CPU
	EndGlobalSection
	GlobalSection(SolutionProperties) = preSolution
		HideSolutionNode = FALSE
	EndGlobalSection
	GlobalSection(ExtensibilityGlobals) = postSolution
		SolutionGuid = {0BA25831-6385-4E70-A834-DCF826629A16}
	EndGlobalSection
EndGlobal
